
Microsoft Visual Studio Solution File, Format Version 12.00
# Visual Studio Version 17
VisualStudioVersion = 17.0.31710.8
MinimumVisualStudioVersion = 10.0.40219.1
Project("{9A19103F-16F7-4668-BE54-9A1E7A4F7556}") = "RSB_GUI", "RSB_GUI\RSB_GUI.csproj", "{A5FC597D-7A79-46BC-AA1F-82B136FFDC98}"
EndProject
Project("{FAE04EC0-301F-11D3-BF4B-00C04F79EFBC}") = "SquarePrimitive", "SquarePrimitive\SquarePrimitive.csproj", "{3AD19D29-7994-4E4C-A53F-F265AA7B879A}"
EndProject
Global
	GlobalSection(SolutionConfigurationPlatforms) = preSolution
		Debug|Any CPU = Debug|Any CPU
		Debug|x64 = Debug|x64
		Release|Any CPU = Release|Any CPU
		Release|x64 = Release|x64
	EndGlobalSection
	GlobalSection(ProjectConfigurationPlatforms) = postSolution
		{A5FC597D-7A79-46BC-AA1F-82B136FFDC98}.Debug|Any CPU.ActiveCfg = Debug|Any CPU
		{A5FC597D-7A79-46BC-AA1F-82B136FFDC98}.Debug|Any CPU.Build.0 = Debug|Any CPU
		{A5FC597D-7A79-46BC-AA1F-82B136FFDC98}.Debug|x64.ActiveCfg = Debug|x64
		{A5FC597D-7A79-46BC-AA1F-82B136FFDC98}.Debug|x64.Build.0 = Debug|x64
		{A5FC597D-7A79-46BC-AA1F-82B136FFDC98}.Release|Any CPU.ActiveCfg = Release|Any CPU
		{A5FC597D-7A79-46BC-AA1F-82B136FFDC98}.Release|Any CPU.Build.0 = Release|Any CPU
		{A5FC597D-7A79-46BC-AA1F-82B136FFDC98}.Release|x64.ActiveCfg = Release|x64
		{A5FC597D-7A79-46BC-AA1F-82B136FFDC98}.Release|x64.Build.0 = Release|x64
		{3AD19D29-7994-4E4C-A53F-F265AA7B879A}.Debug|Any CPU.ActiveCfg = Debug|Any CPU
		{3AD19D29-7994-4E4C-A53F-F265AA7B879A}.Debug|Any CPU.Build.0 = Debug|Any CPU
		{3AD19D29-7994-4E4C-A53F-F265AA7B879A}.Debug|x64.ActiveCfg = Debug|Any CPU
		{3AD19D29-7994-4E4C-A53F-F265AA7B879A}.Debug|x64.Build.0 = Debug|Any CPU
		{3AD19D29-7994-4E4C-A53F-F265AA7B879A}.Release|Any CPU.ActiveCfg = Release|Any CPU
		{3AD19D29-7994-4E4C-A53F-F265AA7B879A}.Release|Any CPU.Build.0 = Release|Any CPU
		{3AD19D29-7994-4E4C-A53F-F265AA7B879A}.Release|x64.ActiveCfg = Release|Any CPU
		{3AD19D29-7994-4E4C-A53F-F265AA7B879A}.Release|x64.Build.0 = Release|Any CPU
	EndGlobalSection
	GlobalSection(SolutionProperties) = preSolution
		HideSolutionNode = FALSE
	EndGlobalSection
	GlobalSection(ExtensibilityGlobals) = postSolution
		SolutionGuid = {05623A37-C1CE-4599-AF7E-DC10802F218B}
	EndGlobalSection
EndGlobal
